
Microsoft Visual Studio Solution File, Format Version 12.00
# Visual Studio Version 17
VisualStudioVersion = 17.14.36221.1 d17.14
MinimumVisualStudioVersion = 10.0.40219.1
Project("{FAE04EC0-301F-11D3-BF4B-00C04F79EFBC}") = "FindPivot724", "FindPivot724.csproj", "{473759EC-F6BF-4DEC-B946-6047503074CF}"
EndProject
Global
	GlobalSection(SolutionConfigurationPlatforms) = preSolution
		Debug|Any CPU = Debug|Any CPU
		Release|Any CPU = Release|Any CPU
	EndGlobalSection
	GlobalSection(ProjectConfigurationPlatforms) = postSolution
		{473759EC-F6BF-4DEC-B946-6047503074CF}.Debug|Any CPU.ActiveCfg = Debug|Any CPU
		{473759EC-F6BF-4DEC-B946-6047503074CF}.Debug|Any CPU.Build.0 = Debug|Any CPU
		{473759EC-F6BF-4DEC-B946-6047503074CF}.Release|Any CPU.ActiveCfg = Release|Any CPU
		{473759EC-F6BF-4DEC-B946-6047503074CF}.Release|Any CPU.Build.0 = Release|Any CPU
	EndGlobalSection
	GlobalSection(SolutionProperties) = preSolution
		HideSolutionNode = FALSE
	EndGlobalSection
	GlobalSection(ExtensibilityGlobals) = postSolution
		SolutionGuid = {C5C0516D-803E-4463-BAC9-46C2790B2E2C}
	EndGlobalSection
EndGlobal
