
Microsoft Visual Studio Solution File, Format Version 12.00
# Visual Studio Version 16
VisualStudioVersion = 16.0.30907.101
MinimumVisualStudioVersion = 10.0.40219.1
Project("{FAE04EC0-301F-11D3-BF4B-00C04F79EFBC}") = "AsyncProgramming", "AsyncProgramming.csproj", "{EC59F151-763F-4063-8E8F-F9FC7234A854}"
EndProject
Global
	GlobalSection(SolutionConfigurationPlatforms) = preSolution
		Debug|Any CPU = Debug|Any CPU
		Release|Any CPU = Release|Any CPU
	EndGlobalSection
	GlobalSection(ProjectConfigurationPlatforms) = postSolution
		{EC59F151-763F-4063-8E8F-F9FC7234A854}.Debug|Any CPU.ActiveCfg = Debug|Any CPU
		{EC59F151-763F-4063-8E8F-F9FC7234A854}.Debug|Any CPU.Build.0 = Debug|Any CPU
		{EC59F151-763F-4063-8E8F-F9FC7234A854}.Release|Any CPU.ActiveCfg = Release|Any CPU
		{EC59F151-763F-4063-8E8F-F9FC7234A854}.Release|Any CPU.Build.0 = Release|Any CPU
	EndGlobalSection
	GlobalSection(SolutionProperties) = preSolution
		HideSolutionNode = FALSE
	EndGlobalSection
	GlobalSection(ExtensibilityGlobals) = postSolution
		SolutionGuid = {BCA97945-25A1-4503-8249-E0C74A343F37}
	EndGlobalSection
EndGlobal
