
Microsoft Visual Studio Solution File, Format Version 12.00
# Visual Studio Version 16
VisualStudioVersion = 16.0.30907.101
MinimumVisualStudioVersion = 10.0.40219.1
Project("{FAE04EC0-301F-11D3-BF4B-00C04F79EFBC}") = "AccountExceptionEG", "AccountExceptionEG\AccountExceptionEG.csproj", "{81947076-B7D2-44B8-97F2-6DF699950778}"
EndProject
Project("{FAE04EC0-301F-11D3-BF4B-00C04F79EFBC}") = "WithdrawTesting", "WithdrawTesting\WithdrawTesting.csproj", "{139C9F4D-E3D4-4BF8-A546-2B0947620CFD}"
EndProject
Global
	GlobalSection(SolutionConfigurationPlatforms) = preSolution
		Debug|Any CPU = Debug|Any CPU
		Release|Any CPU = Release|Any CPU
	EndGlobalSection
	GlobalSection(ProjectConfigurationPlatforms) = postSolution
		{81947076-B7D2-44B8-97F2-6DF699950778}.Debug|Any CPU.ActiveCfg = Debug|Any CPU
		{81947076-B7D2-44B8-97F2-6DF699950778}.Debug|Any CPU.Build.0 = Debug|Any CPU
		{81947076-B7D2-44B8-97F2-6DF699950778}.Release|Any CPU.ActiveCfg = Release|Any CPU
		{81947076-B7D2-44B8-97F2-6DF699950778}.Release|Any CPU.Build.0 = Release|Any CPU
		{139C9F4D-E3D4-4BF8-A546-2B0947620CFD}.Debug|Any CPU.ActiveCfg = Debug|Any CPU
		{139C9F4D-E3D4-4BF8-A546-2B0947620CFD}.Debug|Any CPU.Build.0 = Debug|Any CPU
		{139C9F4D-E3D4-4BF8-A546-2B0947620CFD}.Release|Any CPU.ActiveCfg = Release|Any CPU
		{139C9F4D-E3D4-4BF8-A546-2B0947620CFD}.Release|Any CPU.Build.0 = Release|Any CPU
	EndGlobalSection
	GlobalSection(SolutionProperties) = preSolution
		HideSolutionNode = FALSE
	EndGlobalSection
	GlobalSection(ExtensibilityGlobals) = postSolution
		SolutionGuid = {AEC30809-2141-4998-93A4-CD0E279E6A55}
	EndGlobalSection
EndGlobal
