
Microsoft Visual Studio Solution File, Format Version 12.00
# Visual Studio Version 17
VisualStudioVersion = 17.14.36221.1 d17.14
MinimumVisualStudioVersion = 10.0.40219.1
Project("{FAE04EC0-301F-11D3-BF4B-00C04F79EFBC}") = "StackUsingLinkedList", "StackUsingLinkedList.csproj", "{4F266707-0C9F-430C-BB86-4A2B43584610}"
EndProject
Global
	GlobalSection(SolutionConfigurationPlatforms) = preSolution
		Debug|Any CPU = Debug|Any CPU
		Release|Any CPU = Release|Any CPU
	EndGlobalSection
	GlobalSection(ProjectConfigurationPlatforms) = postSolution
		{4F266707-0C9F-430C-BB86-4A2B43584610}.Debug|Any CPU.ActiveCfg = Debug|Any CPU
		{4F266707-0C9F-430C-BB86-4A2B43584610}.Debug|Any CPU.Build.0 = Debug|Any CPU
		{4F266707-0C9F-430C-BB86-4A2B43584610}.Release|Any CPU.ActiveCfg = Release|Any CPU
		{4F266707-0C9F-430C-BB86-4A2B43584610}.Release|Any CPU.Build.0 = Release|Any CPU
	EndGlobalSection
	GlobalSection(SolutionProperties) = preSolution
		HideSolutionNode = FALSE
	EndGlobalSection
	GlobalSection(ExtensibilityGlobals) = postSolution
		SolutionGuid = {C7BF695B-8117-4F1C-BF74-9C8A480029EB}
	EndGlobalSection
EndGlobal
