
Microsoft Visual Studio Solution File, Format Version 12.00
# Visual Studio Version 16
VisualStudioVersion = 16.0.30907.101
MinimumVisualStudioVersion = 10.0.40219.1
Project("{FAE04EC0-301F-11D3-BF4B-00C04F79EFBC}") = "RectangleParameter", "RectangleParameter\RectangleParameter.csproj", "{7FFFFA98-CA73-4F2C-8FFA-C894320EB667}"
EndProject
Global
	GlobalSection(SolutionConfigurationPlatforms) = preSolution
		Debug|Any CPU = Debug|Any CPU
		Release|Any CPU = Release|Any CPU
	EndGlobalSection
	GlobalSection(ProjectConfigurationPlatforms) = postSolution
		{7FFFFA98-CA73-4F2C-8FFA-C894320EB667}.Debug|Any CPU.ActiveCfg = Debug|Any CPU
		{7FFFFA98-CA73-4F2C-8FFA-C894320EB667}.Debug|Any CPU.Build.0 = Debug|Any CPU
		{7FFFFA98-CA73-4F2C-8FFA-C894320EB667}.Release|Any CPU.ActiveCfg = Release|Any CPU
		{7FFFFA98-CA73-4F2C-8FFA-C894320EB667}.Release|Any CPU.Build.0 = Release|Any CPU
	EndGlobalSection
	GlobalSection(SolutionProperties) = preSolution
		HideSolutionNode = FALSE
	EndGlobalSection
	GlobalSection(ExtensibilityGlobals) = postSolution
		SolutionGuid = {B2C6249A-A60D-49F6-8EF4-B263B09B1493}
	EndGlobalSection
EndGlobal
