
Microsoft Visual Studio Solution File, Format Version 12.00
# Visual Studio Version 16
VisualStudioVersion = 16.0.30907.101
MinimumVisualStudioVersion = 10.0.40219.1
Project("{FAE04EC0-301F-11D3-BF4B-00C04F79EFBC}") = "ContactAndAddressWebApiCore1", "ContactAndAddressWebApiCore1.csproj", "{57EC7DA1-5510-497B-A14E-79145E49E994}"
EndProject
Project("{FAE04EC0-301F-11D3-BF4B-00C04F79EFBC}") = "ContactCore", "..\ContactCore\ContactCore.csproj", "{3ED2B0C0-020B-461B-92F6-E2469A876B99}"
EndProject
Project("{FAE04EC0-301F-11D3-BF4B-00C04F79EFBC}") = "ContactApp_data1", "..\ContactApp_data1\ContactApp_data1.csproj", "{565908FE-C8DC-49F1-B5E7-CBF0AE2A2B8C}"
EndProject
Global
	GlobalSection(SolutionConfigurationPlatforms) = preSolution
		Debug|Any CPU = Debug|Any CPU
		Release|Any CPU = Release|Any CPU
	EndGlobalSection
	GlobalSection(ProjectConfigurationPlatforms) = postSolution
		{57EC7DA1-5510-497B-A14E-79145E49E994}.Debug|Any CPU.ActiveCfg = Debug|Any CPU
		{57EC7DA1-5510-497B-A14E-79145E49E994}.Debug|Any CPU.Build.0 = Debug|Any CPU
		{57EC7DA1-5510-497B-A14E-79145E49E994}.Release|Any CPU.ActiveCfg = Release|Any CPU
		{57EC7DA1-5510-497B-A14E-79145E49E994}.Release|Any CPU.Build.0 = Release|Any CPU
		{3ED2B0C0-020B-461B-92F6-E2469A876B99}.Debug|Any CPU.ActiveCfg = Debug|Any CPU
		{3ED2B0C0-020B-461B-92F6-E2469A876B99}.Debug|Any CPU.Build.0 = Debug|Any CPU
		{3ED2B0C0-020B-461B-92F6-E2469A876B99}.Release|Any CPU.ActiveCfg = Release|Any CPU
		{3ED2B0C0-020B-461B-92F6-E2469A876B99}.Release|Any CPU.Build.0 = Release|Any CPU
		{565908FE-C8DC-49F1-B5E7-CBF0AE2A2B8C}.Debug|Any CPU.ActiveCfg = Debug|Any CPU
		{565908FE-C8DC-49F1-B5E7-CBF0AE2A2B8C}.Debug|Any CPU.Build.0 = Debug|Any CPU
		{565908FE-C8DC-49F1-B5E7-CBF0AE2A2B8C}.Release|Any CPU.ActiveCfg = Release|Any CPU
		{565908FE-C8DC-49F1-B5E7-CBF0AE2A2B8C}.Release|Any CPU.Build.0 = Release|Any CPU
	EndGlobalSection
	GlobalSection(SolutionProperties) = preSolution
		HideSolutionNode = FALSE
	EndGlobalSection
	GlobalSection(ExtensibilityGlobals) = postSolution
		SolutionGuid = {BDC13392-F78D-4295-8EA0-2A772F392E59}
	EndGlobalSection
EndGlobal
