
Microsoft Visual Studio Solution File, Format Version 12.00
# Visual Studio Version 17
VisualStudioVersion = 17.14.36221.1 d17.14
MinimumVisualStudioVersion = 10.0.40219.1
Project("{FAE04EC0-301F-11D3-BF4B-00C04F79EFBC}") = "FinanceAppMVC", "FinanceAppMVC.csproj", "{93D115F6-E7F9-474A-A6F1-B0B25664760C}"
EndProject
Global
	GlobalSection(SolutionConfigurationPlatforms) = preSolution
		Debug|Any CPU = Debug|Any CPU
		Release|Any CPU = Release|Any CPU
	EndGlobalSection
	GlobalSection(ProjectConfigurationPlatforms) = postSolution
		{93D115F6-E7F9-474A-A6F1-B0B25664760C}.Debug|Any CPU.ActiveCfg = Debug|Any CPU
		{93D115F6-E7F9-474A-A6F1-B0B25664760C}.Debug|Any CPU.Build.0 = Debug|Any CPU
		{93D115F6-E7F9-474A-A6F1-B0B25664760C}.Release|Any CPU.ActiveCfg = Release|Any CPU
		{93D115F6-E7F9-474A-A6F1-B0B25664760C}.Release|Any CPU.Build.0 = Release|Any CPU
	EndGlobalSection
	GlobalSection(SolutionProperties) = preSolution
		HideSolutionNode = FALSE
	EndGlobalSection
	GlobalSection(ExtensibilityGlobals) = postSolution
		SolutionGuid = {AE26DF6F-0EC5-4E1E-95B0-720B161778A6}
	EndGlobalSection
EndGlobal
