
Microsoft Visual Studio Solution File, Format Version 12.00
# Visual Studio Version 17
VisualStudioVersion = 17.14.36221.1 d17.14
MinimumVisualStudioVersion = 10.0.40219.1
Project("{FAE04EC0-301F-11D3-BF4B-00C04F79EFBC}") = "Play.Common", "Play.Common.csproj", "{B07D12C6-CB94-4FD5-ADE6-9E9DC5059BA2}"
EndProject
Global
	GlobalSection(SolutionConfigurationPlatforms) = preSolution
		Debug|Any CPU = Debug|Any CPU
		Release|Any CPU = Release|Any CPU
	EndGlobalSection
	GlobalSection(ProjectConfigurationPlatforms) = postSolution
		{B07D12C6-CB94-4FD5-ADE6-9E9DC5059BA2}.Debug|Any CPU.ActiveCfg = Debug|Any CPU
		{B07D12C6-CB94-4FD5-ADE6-9E9DC5059BA2}.Debug|Any CPU.Build.0 = Debug|Any CPU
		{B07D12C6-CB94-4FD5-ADE6-9E9DC5059BA2}.Release|Any CPU.ActiveCfg = Release|Any CPU
		{B07D12C6-CB94-4FD5-ADE6-9E9DC5059BA2}.Release|Any CPU.Build.0 = Release|Any CPU
	EndGlobalSection
	GlobalSection(SolutionProperties) = preSolution
		HideSolutionNode = FALSE
	EndGlobalSection
	GlobalSection(ExtensibilityGlobals) = postSolution
		SolutionGuid = {F84CBC27-F3B5-4296-8B95-D16564E947F6}
	EndGlobalSection
EndGlobal
