
Microsoft Visual Studio Solution File, Format Version 12.00
# Visual Studio Version 17
VisualStudioVersion = 17.1.32407.343
MinimumVisualStudioVersion = 10.0.40219.1
Project("{FAE04EC0-301F-11D3-BF4B-00C04F79EFBC}") = "ContainerWithMostWater", "ContainerWithMostWater\ContainerWithMostWater.csproj", "{B298ECC5-9C24-4890-856D-7C6F9368DD91}"
EndProject
Global
	GlobalSection(SolutionConfigurationPlatforms) = preSolution
		Debug|Any CPU = Debug|Any CPU
		Release|Any CPU = Release|Any CPU
	EndGlobalSection
	GlobalSection(ProjectConfigurationPlatforms) = postSolution
		{B298ECC5-9C24-4890-856D-7C6F9368DD91}.Debug|Any CPU.ActiveCfg = Debug|Any CPU
		{B298ECC5-9C24-4890-856D-7C6F9368DD91}.Debug|Any CPU.Build.0 = Debug|Any CPU
		{B298ECC5-9C24-4890-856D-7C6F9368DD91}.Release|Any CPU.ActiveCfg = Release|Any CPU
		{B298ECC5-9C24-4890-856D-7C6F9368DD91}.Release|Any CPU.Build.0 = Release|Any CPU
	EndGlobalSection
	GlobalSection(SolutionProperties) = preSolution
		HideSolutionNode = FALSE
	EndGlobalSection
	GlobalSection(ExtensibilityGlobals) = postSolution
		SolutionGuid = {2AC2A846-5FED-4EEC-ACBB-3C0CCD293C3E}
	EndGlobalSection
EndGlobal
