
Microsoft Visual Studio Solution File, Format Version 12.00
# Visual Studio Version 16
VisualStudioVersion = 16.0.30907.101
MinimumVisualStudioVersion = 10.0.40219.1
Project("{FAE04EC0-301F-11D3-BF4B-00C04F79EFBC}") = "PassByValue", "PassByValue\PassByValue.csproj", "{5A765F16-A70A-47D0-935C-1FC684558B1D}"
EndProject
Global
	GlobalSection(SolutionConfigurationPlatforms) = preSolution
		Debug|Any CPU = Debug|Any CPU
		Release|Any CPU = Release|Any CPU
	EndGlobalSection
	GlobalSection(ProjectConfigurationPlatforms) = postSolution
		{5A765F16-A70A-47D0-935C-1FC684558B1D}.Debug|Any CPU.ActiveCfg = Debug|Any CPU
		{5A765F16-A70A-47D0-935C-1FC684558B1D}.Debug|Any CPU.Build.0 = Debug|Any CPU
		{5A765F16-A70A-47D0-935C-1FC684558B1D}.Release|Any CPU.ActiveCfg = Release|Any CPU
		{5A765F16-A70A-47D0-935C-1FC684558B1D}.Release|Any CPU.Build.0 = Release|Any CPU
	EndGlobalSection
	GlobalSection(SolutionProperties) = preSolution
		HideSolutionNode = FALSE
	EndGlobalSection
	GlobalSection(ExtensibilityGlobals) = postSolution
		SolutionGuid = {53AC190D-216C-4061-A5CC-9AC694FB09F7}
	EndGlobalSection
EndGlobal
