
Microsoft Visual Studio Solution File, Format Version 12.00
# Visual Studio Version 16
VisualStudioVersion = 16.0.30907.101
MinimumVisualStudioVersion = 10.0.40219.1
Project("{FAE04EC0-301F-11D3-BF4B-00C04F79EFBC}") = "QueueEg", "QueueEg\QueueEg.csproj", "{09856FC6-AF23-490E-9BAE-0234B9A79077}"
EndProject
Global
	GlobalSection(SolutionConfigurationPlatforms) = preSolution
		Debug|Any CPU = Debug|Any CPU
		Release|Any CPU = Release|Any CPU
	EndGlobalSection
	GlobalSection(ProjectConfigurationPlatforms) = postSolution
		{09856FC6-AF23-490E-9BAE-0234B9A79077}.Debug|Any CPU.ActiveCfg = Debug|Any CPU
		{09856FC6-AF23-490E-9BAE-0234B9A79077}.Debug|Any CPU.Build.0 = Debug|Any CPU
		{09856FC6-AF23-490E-9BAE-0234B9A79077}.Release|Any CPU.ActiveCfg = Release|Any CPU
		{09856FC6-AF23-490E-9BAE-0234B9A79077}.Release|Any CPU.Build.0 = Release|Any CPU
	EndGlobalSection
	GlobalSection(SolutionProperties) = preSolution
		HideSolutionNode = FALSE
	EndGlobalSection
	GlobalSection(ExtensibilityGlobals) = postSolution
		SolutionGuid = {AB2D741B-8916-4BC5-B048-302CCA7349C1}
	EndGlobalSection
EndGlobal
