
Microsoft Visual Studio Solution File, Format Version 12.00
# Visual Studio Version 16
VisualStudioVersion = 16.0.30907.101
MinimumVisualStudioVersion = 10.0.40219.1
Project("{FAE04EC0-301F-11D3-BF4B-00C04F79EFBC}") = "LibraryBookList", "LibraryBookList\LibraryBookList.csproj", "{26AF63B4-A7C8-46A0-8CDA-D44DCED7252B}"
EndProject
Global
	GlobalSection(SolutionConfigurationPlatforms) = preSolution
		Debug|Any CPU = Debug|Any CPU
		Release|Any CPU = Release|Any CPU
	EndGlobalSection
	GlobalSection(ProjectConfigurationPlatforms) = postSolution
		{26AF63B4-A7C8-46A0-8CDA-D44DCED7252B}.Debug|Any CPU.ActiveCfg = Debug|Any CPU
		{26AF63B4-A7C8-46A0-8CDA-D44DCED7252B}.Debug|Any CPU.Build.0 = Debug|Any CPU
		{26AF63B4-A7C8-46A0-8CDA-D44DCED7252B}.Release|Any CPU.ActiveCfg = Release|Any CPU
		{26AF63B4-A7C8-46A0-8CDA-D44DCED7252B}.Release|Any CPU.Build.0 = Release|Any CPU
	EndGlobalSection
	GlobalSection(SolutionProperties) = preSolution
		HideSolutionNode = FALSE
	EndGlobalSection
	GlobalSection(ExtensibilityGlobals) = postSolution
		SolutionGuid = {E572A80F-203A-4967-94FE-7C754F1F1CD5}
	EndGlobalSection
EndGlobal
