
Microsoft Visual Studio Solution File, Format Version 12.00
# Visual Studio Version 16
VisualStudioVersion = 16.0.30907.101
MinimumVisualStudioVersion = 10.0.40219.1
Project("{FAE04EC0-301F-11D3-BF4B-00C04F79EFBC}") = "AsynchronousProgramming1", "AsynchronousProgramming1.csproj", "{52985201-7562-4F8B-B3DA-82294A9F4EF9}"
EndProject
Global
	GlobalSection(SolutionConfigurationPlatforms) = preSolution
		Debug|Any CPU = Debug|Any CPU
		Release|Any CPU = Release|Any CPU
	EndGlobalSection
	GlobalSection(ProjectConfigurationPlatforms) = postSolution
		{52985201-7562-4F8B-B3DA-82294A9F4EF9}.Debug|Any CPU.ActiveCfg = Debug|Any CPU
		{52985201-7562-4F8B-B3DA-82294A9F4EF9}.Debug|Any CPU.Build.0 = Debug|Any CPU
		{52985201-7562-4F8B-B3DA-82294A9F4EF9}.Release|Any CPU.ActiveCfg = Release|Any CPU
		{52985201-7562-4F8B-B3DA-82294A9F4EF9}.Release|Any CPU.Build.0 = Release|Any CPU
	EndGlobalSection
	GlobalSection(SolutionProperties) = preSolution
		HideSolutionNode = FALSE
	EndGlobalSection
	GlobalSection(ExtensibilityGlobals) = postSolution
		SolutionGuid = {0D9917A0-7C7C-4ACA-B224-3CC560E3F123}
	EndGlobalSection
EndGlobal
