
Microsoft Visual Studio Solution File, Format Version 12.00
# Visual Studio Version 16
VisualStudioVersion = 16.0.30907.101
MinimumVisualStudioVersion = 10.0.40219.1
Project("{FAE04EC0-301F-11D3-BF4B-00C04F79EFBC}") = "Background", "Background\Background.csproj", "{8CC80285-C1CF-4304-AA9C-20DF19589E23}"
EndProject
Global
	GlobalSection(SolutionConfigurationPlatforms) = preSolution
		Debug|Any CPU = Debug|Any CPU
		Release|Any CPU = Release|Any CPU
	EndGlobalSection
	GlobalSection(ProjectConfigurationPlatforms) = postSolution
		{8CC80285-C1CF-4304-AA9C-20DF19589E23}.Debug|Any CPU.ActiveCfg = Debug|Any CPU
		{8CC80285-C1CF-4304-AA9C-20DF19589E23}.Debug|Any CPU.Build.0 = Debug|Any CPU
		{8CC80285-C1CF-4304-AA9C-20DF19589E23}.Release|Any CPU.ActiveCfg = Release|Any CPU
		{8CC80285-C1CF-4304-AA9C-20DF19589E23}.Release|Any CPU.Build.0 = Release|Any CPU
	EndGlobalSection
	GlobalSection(SolutionProperties) = preSolution
		HideSolutionNode = FALSE
	EndGlobalSection
	GlobalSection(ExtensibilityGlobals) = postSolution
		SolutionGuid = {FA79270D-2185-42E6-9FFE-E36940571B7B}
	EndGlobalSection
EndGlobal
