
Microsoft Visual Studio Solution File, Format Version 12.00
# Visual Studio Version 16
VisualStudioVersion = 16.0.30907.101
MinimumVisualStudioVersion = 10.0.40219.1
Project("{FAE04EC0-301F-11D3-BF4B-00C04F79EFBC}") = "ConstructorEg", "ConstructorEg\ConstructorEg.csproj", "{0F9BFBB7-3178-402D-9981-1E805393F528}"
EndProject
Global
	GlobalSection(SolutionConfigurationPlatforms) = preSolution
		Debug|Any CPU = Debug|Any CPU
		Release|Any CPU = Release|Any CPU
	EndGlobalSection
	GlobalSection(ProjectConfigurationPlatforms) = postSolution
		{0F9BFBB7-3178-402D-9981-1E805393F528}.Debug|Any CPU.ActiveCfg = Debug|Any CPU
		{0F9BFBB7-3178-402D-9981-1E805393F528}.Debug|Any CPU.Build.0 = Debug|Any CPU
		{0F9BFBB7-3178-402D-9981-1E805393F528}.Release|Any CPU.ActiveCfg = Release|Any CPU
		{0F9BFBB7-3178-402D-9981-1E805393F528}.Release|Any CPU.Build.0 = Release|Any CPU
	EndGlobalSection
	GlobalSection(SolutionProperties) = preSolution
		HideSolutionNode = FALSE
	EndGlobalSection
	GlobalSection(ExtensibilityGlobals) = postSolution
		SolutionGuid = {E6A3ECA0-DBB1-4CC8-9FEF-4A7AFFE0360D}
	EndGlobalSection
EndGlobal
