
Microsoft Visual Studio Solution File, Format Version 12.00
# Visual Studio Version 17
VisualStudioVersion = 17.14.36221.1
MinimumVisualStudioVersion = 10.0.40219.1
Project("{FAE04EC0-301F-11D3-BF4B-00C04F79EFBC}") = "EventManagementWebApi", "EventManagementWebApi\EventManagementWebApi.csproj", "{58A6F988-81F0-77B2-CC1A-0D6DF87B5C77}"
EndProject
Project("{E53339B2-1760-4266-BCC7-CA923CBCF16C}") = "docker-compose", "docker-compose.dcproj", "{81DDED9D-158B-E303-5F62-77A2896D2A5A}"
EndProject
Global
	GlobalSection(SolutionConfigurationPlatforms) = preSolution
		Debug|Any CPU = Debug|Any CPU
		Release|Any CPU = Release|Any CPU
	EndGlobalSection
	GlobalSection(ProjectConfigurationPlatforms) = postSolution
		{58A6F988-81F0-77B2-CC1A-0D6DF87B5C77}.Debug|Any CPU.ActiveCfg = Debug|Any CPU
		{58A6F988-81F0-77B2-CC1A-0D6DF87B5C77}.Debug|Any CPU.Build.0 = Debug|Any CPU
		{58A6F988-81F0-77B2-CC1A-0D6DF87B5C77}.Release|Any CPU.ActiveCfg = Release|Any CPU
		{58A6F988-81F0-77B2-CC1A-0D6DF87B5C77}.Release|Any CPU.Build.0 = Release|Any CPU
		{81DDED9D-158B-E303-5F62-77A2896D2A5A}.Debug|Any CPU.ActiveCfg = Debug|Any CPU
		{81DDED9D-158B-E303-5F62-77A2896D2A5A}.Debug|Any CPU.Build.0 = Debug|Any CPU
		{81DDED9D-158B-E303-5F62-77A2896D2A5A}.Release|Any CPU.ActiveCfg = Release|Any CPU
		{81DDED9D-158B-E303-5F62-77A2896D2A5A}.Release|Any CPU.Build.0 = Release|Any CPU
	EndGlobalSection
	GlobalSection(SolutionProperties) = preSolution
		HideSolutionNode = FALSE
	EndGlobalSection
	GlobalSection(ExtensibilityGlobals) = postSolution
		SolutionGuid = {F62FD6F0-B950-4591-83D7-65A42E67D118}
	EndGlobalSection
EndGlobal
