
Microsoft Visual Studio Solution File, Format Version 12.00
# Visual Studio Version 16
VisualStudioVersion = 16.0.30907.101
MinimumVisualStudioVersion = 10.0.40219.1
Project("{FAE04EC0-301F-11D3-BF4B-00C04F79EFBC}") = "UpcastingAndDowncasting", "UpcastingAndDowncasting\UpcastingAndDowncasting.csproj", "{B779DF13-FFBE-4EBD-A4AD-18308BD1E816}"
EndProject
Global
	GlobalSection(SolutionConfigurationPlatforms) = preSolution
		Debug|Any CPU = Debug|Any CPU
		Release|Any CPU = Release|Any CPU
	EndGlobalSection
	GlobalSection(ProjectConfigurationPlatforms) = postSolution
		{B779DF13-FFBE-4EBD-A4AD-18308BD1E816}.Debug|Any CPU.ActiveCfg = Debug|Any CPU
		{B779DF13-FFBE-4EBD-A4AD-18308BD1E816}.Debug|Any CPU.Build.0 = Debug|Any CPU
		{B779DF13-FFBE-4EBD-A4AD-18308BD1E816}.Release|Any CPU.ActiveCfg = Release|Any CPU
		{B779DF13-FFBE-4EBD-A4AD-18308BD1E816}.Release|Any CPU.Build.0 = Release|Any CPU
	EndGlobalSection
	GlobalSection(SolutionProperties) = preSolution
		HideSolutionNode = FALSE
	EndGlobalSection
	GlobalSection(ExtensibilityGlobals) = postSolution
		SolutionGuid = {61874C38-5E0A-4C86-842C-B112AB9EEFAA}
	EndGlobalSection
EndGlobal
