
Microsoft Visual Studio Solution File, Format Version 12.00
# Visual Studio Version 17
VisualStudioVersion = 17.14.36221.1 d17.14
MinimumVisualStudioVersion = 10.0.40219.1
Project("{FAE04EC0-301F-11D3-BF4B-00C04F79EFBC}") = "kSumPair1670", "kSumPair1670\kSumPair1670.csproj", "{9FA34FFA-BF45-43D3-A20B-C776E7C4BAB4}"
EndProject
Global
	GlobalSection(SolutionConfigurationPlatforms) = preSolution
		Debug|Any CPU = Debug|Any CPU
		Release|Any CPU = Release|Any CPU
	EndGlobalSection
	GlobalSection(ProjectConfigurationPlatforms) = postSolution
		{9FA34FFA-BF45-43D3-A20B-C776E7C4BAB4}.Debug|Any CPU.ActiveCfg = Debug|Any CPU
		{9FA34FFA-BF45-43D3-A20B-C776E7C4BAB4}.Debug|Any CPU.Build.0 = Debug|Any CPU
		{9FA34FFA-BF45-43D3-A20B-C776E7C4BAB4}.Release|Any CPU.ActiveCfg = Release|Any CPU
		{9FA34FFA-BF45-43D3-A20B-C776E7C4BAB4}.Release|Any CPU.Build.0 = Release|Any CPU
	EndGlobalSection
	GlobalSection(SolutionProperties) = preSolution
		HideSolutionNode = FALSE
	EndGlobalSection
	GlobalSection(ExtensibilityGlobals) = postSolution
		SolutionGuid = {59AB77CF-C412-4D96-BD28-D928D8F61BF9}
	EndGlobalSection
EndGlobal
